
Microsoft Visual Studio Solution File, Format Version 11.00
# Visual Studio 2010
Project("{FAE04EC0-301F-11D3-BF4B-00C04F79EFBC}") = "PortableDestination", "Assembly-CSharp.csproj", "{BA61FB37-B3DF-D77E-4338-F3BF206EFE04}"
EndProject
Project("{FAE04EC0-301F-11D3-BF4B-00C04F79EFBC}") = "PortableDestination", "Assembly-CSharp-Editor.csproj", "{B11DF6F7-46C5-6029-CAC5-8AB41750BE7C}"
EndProject
Global
	GlobalSection(SolutionConfigurationPlatforms) = preSolution
		Debug|Any CPU = Debug|Any CPU
		Release|Any CPU = Release|Any CPU
	EndGlobalSection
	GlobalSection(ProjectConfigurationPlatforms) = postSolution
		{BA61FB37-B3DF-D77E-4338-F3BF206EFE04}.Debug|Any CPU.ActiveCfg = Debug|Any CPU
		{BA61FB37-B3DF-D77E-4338-F3BF206EFE04}.Debug|Any CPU.Build.0 = Debug|Any CPU
		{BA61FB37-B3DF-D77E-4338-F3BF206EFE04}.Release|Any CPU.ActiveCfg = Release|Any CPU
		{BA61FB37-B3DF-D77E-4338-F3BF206EFE04}.Release|Any CPU.Build.0 = Release|Any CPU
		{B11DF6F7-46C5-6029-CAC5-8AB41750BE7C}.Debug|Any CPU.ActiveCfg = Debug|Any CPU
		{B11DF6F7-46C5-6029-CAC5-8AB41750BE7C}.Debug|Any CPU.Build.0 = Debug|Any CPU
		{B11DF6F7-46C5-6029-CAC5-8AB41750BE7C}.Release|Any CPU.ActiveCfg = Release|Any CPU
		{B11DF6F7-46C5-6029-CAC5-8AB41750BE7C}.Release|Any CPU.Build.0 = Release|Any CPU
	EndGlobalSection
	GlobalSection(SolutionProperties) = preSolution
		HideSolutionNode = FALSE
	EndGlobalSection
	GlobalSection(MonoDevelopProperties) = preSolution
		StartupItem = Assembly-CSharp.csproj
	EndGlobalSection
EndGlobal
